// !$*UTF8*$!
{
	archiveVersion = 1;
	classes = {
	};
	objectVersion = 55;
	objects = {

/* Begin PBXBuildFile section */
		3F72828727672BDD00FED757 /* MyButton.swift in Sources */ = {isa = PBXBuildFile; fileRef = 3F72828627672BDD00FED757 /* MyButton.swift */; };
		3F8E459B2742360800B51057 /* AppDelegate.swift in Sources */ = {isa = PBXBuildFile; fileRef = 3F8E459A2742360800B51057 /* AppDelegate.swift */; };
		3F8E459D2742360800B51057 /* SceneDelegate.swift in Sources */ = {isa = PBXBuildFile; fileRef = 3F8E459C2742360800B51057 /* SceneDelegate.swift */; };
		3F8E459F2742360800B51057 /* ViewController.swift in Sources */ = {isa = PBXBuildFile; fileRef = 3F8E459E2742360800B51057 /* ViewController.swift */; };
		3F8E45A22742360800B51057 /* Main.storyboard in Resources */ = {isa = PBXBuildFile; fileRef = 3F8E45A02742360800B51057 /* Main.storyboard */; };
		3F8E45A42742360900B51057 /* Assets.xcassets in Resources */ = {isa = PBXBuildFile; fileRef = 3F8E45A32742360900B51057 /* Assets.xcassets */; };
		3F8E45A72742360900B51057 /* LaunchScreen.storyboard in Resources */ = {isa = PBXBuildFile; fileRef = 3F8E45A52742360900B51057 /* LaunchScreen.storyboard */; };
		AA1921AB276A7BA2006AC13D /* GameViewController.swift in Sources */ = {isa = PBXBuildFile; fileRef = AA1921AA276A7BA2006AC13D /* GameViewController.swift */; };
		AA1921AF276A8B2B006AC13D /* ResultTableViewController.swift in Sources */ = {isa = PBXBuildFile; fileRef = AA1921AE276A8B2B006AC13D /* ResultTableViewController.swift */; };
		AA1921B1276A8F45006AC13D /* ResultTableViewCell.swift in Sources */ = {isa = PBXBuildFile; fileRef = AA1921B0276A8F45006AC13D /* ResultTableViewCell.swift */; };
		AA1921B3276A91D0006AC13D /* ChangeCarCollectionViewController.swift in Sources */ = {isa = PBXBuildFile; fileRef = AA1921B2276A91D0006AC13D /* ChangeCarCollectionViewController.swift */; };
		AA1921B5276A9249006AC13D /* ChangeCarColletionViewCell.swift in Sources */ = {isa = PBXBuildFile; fileRef = AA1921B4276A9249006AC13D /* ChangeCarColletionViewCell.swift */; };
/* End PBXBuildFile section */

/* Begin PBXFileReference section */
		3F72828627672BDD00FED757 /* MyButton.swift */ = {isa = PBXFileReference; lastKnownFileType = sourcecode.swift; path = MyButton.swift; sourceTree = "<group>"; };
		3F8E45972742360800B51057 /* Mashinki.app */ = {isa = PBXFileReference; explicitFileType = wrapper.application; includeInIndex = 0; path = Mashinki.app; sourceTree = BUILT_PRODUCTS_DIR; };
		3F8E459A2742360800B51057 /* AppDelegate.swift */ = {isa = PBXFileReference; lastKnownFileType = sourcecode.swift; path = AppDelegate.swift; sourceTree = "<group>"; };
		3F8E459C2742360800B51057 /* SceneDelegate.swift */ = {isa = PBXFileReference; lastKnownFileType = sourcecode.swift; path = SceneDelegate.swift; sourceTree = "<group>"; };
		3F8E459E2742360800B51057 /* ViewController.swift */ = {isa = PBXFileReference; lastKnownFileType = sourcecode.swift; path = ViewController.swift; sourceTree = "<group>"; };
		3F8E45A12742360800B51057 /* Base */ = {isa = PBXFileReference; lastKnownFileType = file.storyboard; name = Base; path = Base.lproj/Main.storyboard; sourceTree = "<group>"; };
		3F8E45A32742360900B51057 /* Assets.xcassets */ = {isa = PBXFileReference; lastKnownFileType = folder.assetcatalog; path = Assets.xcassets; sourceTree = "<group>"; };
		3F8E45A62742360900B51057 /* Base */ = {isa = PBXFileReference; lastKnownFileType = file.storyboard; name = Base; path = Base.lproj/LaunchScreen.storyboard; sourceTree = "<group>"; };
		3F8E45A82742360900B51057 /* Info.plist */ = {isa = PBXFileReference; lastKnownFileType = text.plist.xml; path = Info.plist; sourceTree = "<group>"; };
		AA1921AA276A7BA2006AC13D /* GameViewController.swift */ = {isa = PBXFileReference; lastKnownFileType = sourcecode.swift; path = GameViewController.swift; sourceTree = "<group>"; };
		AA1921AE276A8B2B006AC13D /* ResultTableViewController.swift */ = {isa = PBXFileReference; lastKnownFileType = sourcecode.swift; path = ResultTableViewController.swift; sourceTree = "<group>"; };
		AA1921B0276A8F45006AC13D /* ResultTableViewCell.swift */ = {isa = PBXFileReference; lastKnownFileType = sourcecode.swift; path = ResultTableViewCell.swift; sourceTree = "<group>"; };
		AA1921B2276A91D0006AC13D /* ChangeCarCollectionViewController.swift */ = {isa = PBXFileReference; lastKnownFileType = sourcecode.swift; path = ChangeCarCollectionViewController.swift; sourceTree = "<group>"; };
		AA1921B4276A9249006AC13D /* ChangeCarColletionViewCell.swift */ = {isa = PBXFileReference; lastKnownFileType = sourcecode.swift; path = ChangeCarColletionViewCell.swift; sourceTree = "<group>"; };
/* End PBXFileReference section */

/* Begin PBXFrameworksBuildPhase section */
		3F8E45942742360700B51057 /* Frameworks */ = {
			isa = PBXFrameworksBuildPhase;
			buildActionMask = 2147483647;
			files = (
			);
			runOnlyForDeploymentPostprocessing = 0;
		};
/* End PBXFrameworksBuildPhase section */

/* Begin PBXGroup section */
		3F8E458E2742360700B51057 = {
			isa = PBXGroup;
			children = (
				3F8E45992742360800B51057 /* Mashinki */,
				3F8E45982742360800B51057 /* Products */,
			);
			sourceTree = "<group>";
		};
		3F8E45982742360800B51057 /* Products */ = {
			isa = PBXGroup;
			children = (
				3F8E45972742360800B51057 /* Mashinki.app */,
			);
			name = Products;
			sourceTree = "<group>";
		};
		3F8E45992742360800B51057 /* Mashinki */ = {
			isa = PBXGroup;
			children = (
				3F8E459A2742360800B51057 /* AppDelegate.swift */,
				3F8E459C2742360800B51057 /* SceneDelegate.swift */,
				3F8E459E2742360800B51057 /* ViewController.swift */,
				3F8E45A02742360800B51057 /* Main.storyboard */,
				AA1921B4276A9249006AC13D /* ChangeCarColletionViewCell.swift */,
				AA1921B2276A91D0006AC13D /* ChangeCarCollectionViewController.swift */,
				AA1921AE276A8B2B006AC13D /* ResultTableViewController.swift */,
				AA1921B0276A8F45006AC13D /* ResultTableViewCell.swift */,
				AA1921AA276A7BA2006AC13D /* GameViewController.swift */,
				3F72828627672BDD00FED757 /* MyButton.swift */,
				3F8E45A32742360900B51057 /* Assets.xcassets */,
				3F8E45A52742360900B51057 /* LaunchScreen.storyboard */,
				3F8E45A82742360900B51057 /* Info.plist */,
			);
			path = Mashinki;
			sourceTree = "<group>";
		};
/* End PBXGroup section */

/* Begin PBXNativeTarget section */
		3F8E45962742360700B51057 /* Mashinki */ = {
			isa = PBXNativeTarget;
			buildConfigurationList = 3F8E45AB2742360900B51057 /* Build configuration list for PBXNativeTarget "Mashinki" */;
			buildPhases = (
				3F8E45932742360700B51057 /* Sources */,
				3F8E45942742360700B51057 /* Frameworks */,
				3F8E45952742360700B51057 /* Resources */,
			);
			buildRules = (
			);
			dependencies = (
			);
			name = Mashinki;
			productName = Mashinki;
			productReference = 3F8E45972742360800B51057 /* Mashinki.app */;
			productType = "com.apple.product-type.application";
		};
/* End PBXNativeTarget section */

/* Begin PBXProject section */
		3F8E458F2742360700B51057 /* Project object */ = {
			isa = PBXProject;
			attributes = {
				BuildIndependentTargetsInParallel = 1;
				LastSwiftUpdateCheck = 1310;
				LastUpgradeCheck = 1310;
				TargetAttributes = {
					3F8E45962742360700B51057 = {
						CreatedOnToolsVersion = 13.1;
					};
				};
			};
			buildConfigurationList = 3F8E45922742360700B51057 /* Build configuration list for PBXProject "Mashinki" */;
			compatibilityVersion = "Xcode 13.0";
			developmentRegion = en;
			hasScannedForEncodings = 0;
			knownRegions = (
				en,
				Base,
			);
			mainGroup = 3F8E458E2742360700B51057;
			productRefGroup = 3F8E45982742360800B51057 /* Products */;
			projectDirPath = "";
			projectRoot = "";
			targets = (
				3F8E45962742360700B51057 /* Mashinki */,
			);
		};
/* End PBXProject section */

/* Begin PBXResourcesBuildPhase section */
		3F8E45952742360700B51057 /* Resources */ = {
			isa = PBXResourcesBuildPhase;
			buildActionMask = 2147483647;
			files = (
				3F8E45A72742360900B51057 /* LaunchScreen.storyboard in Resources */,
				3F8E45A42742360900B51057 /* Assets.xcassets in Resources */,
				3F8E45A22742360800B51057 /* Main.storyboard in Resources */,
			);
			runOnlyForDeploymentPostprocessing = 0;
		};
/* End PBXResourcesBuildPhase section */

/* Begin PBXSourcesBuildPhase section */
		3F8E45932742360700B51057 /* Sources */ = {
			isa = PBXSourcesBuildPhase;
			buildActionMask = 2147483647;
			files = (
				AA1921AB276A7BA2006AC13D /* GameViewController.swift in Sources */,
				AA1921B5276A9249006AC13D /* ChangeCarColletionViewCell.swift in Sources */,
				AA1921B3276A91D0006AC13D /* ChangeCarCollectionViewController.swift in Sources */,
				3F8E459F2742360800B51057 /* ViewController.swift in Sources */,
				AA1921B1276A8F45006AC13D /* ResultTableViewCell.swift in Sources */,
				AA1921AF276A8B2B006AC13D /* ResultTableViewController.swift in Sources */,
				3F8E459B2742360800B51057 /* AppDelegate.swift in Sources */,
				3F8E459D2742360800B51057 /* SceneDelegate.swift in Sources */,
				3F72828727672BDD00FED757 /* MyButton.swift in Sources */,
			);
			runOnlyForDeploymentPostprocessing = 0;
		};
/* End PBXSourcesBuildPhase section */

/* Begin PBXVariantGroup section */
		3F8E45A02742360800B51057 /* Main.storyboard */ = {
			isa = PBXVariantGroup;
			children = (
				3F8E45A12742360800B51057 /* Base */,
			);
			name = Main.storyboard;
			sourceTree = "<group>";
		};
		3F8E45A52742360900B51057 /* LaunchScreen.storyboard */ = {
			isa = PBXVariantGroup;
			children = (
				3F8E45A62742360900B51057 /* Base */,
			);
			name = LaunchScreen.storyboard;
			sourceTree = "<group>";
		};
/* End PBXVariantGroup section */

/* Begin XCBuildConfiguration section */
		3F8E45A92742360900B51057 /* Debug */ = {
			isa = XCBuildConfiguration;
			buildSettings = {
				ALWAYS_SEARCH_USER_PATHS = NO;
				CLANG_ANALYZER_NONNULL = YES;
				CLANG_ANALYZER_NUMBER_OBJECT_CONVERSION = YES_AGGRESSIVE;
				CLANG_CXX_LANGUAGE_STANDARD = "gnu++17";
				CLANG_CXX_LIBRARY = "libc++";
				CLANG_ENABLE_MODULES = YES;
				CLANG_ENABLE_OBJC_ARC = YES;
				CLANG_ENABLE_OBJC_WEAK = YES;
				CLANG_WARN_BLOCK_CAPTURE_AUTORELEASING = YES;
				CLANG_WARN_BOOL_CONVERSION = YES;
				CLANG_WARN_COMMA = YES;
				CLANG_WARN_CONSTANT_CONVERSION = YES;
				CLANG_WARN_DEPRECATED_OBJC_IMPLEMENTATIONS = YES;
				CLANG_WARN_DIRECT_OBJC_ISA_USAGE = YES_ERROR;
				CLANG_WARN_DOCUMENTATION_COMMENTS = YES;
				CLANG_WARN_EMPTY_BODY = YES;
				CLANG_WARN_ENUM_CONVERSION = YES;
				CLANG_WARN_INFINITE_RECURSION = YES;
				CLANG_WARN_INT_CONVERSION = YES;
				CLANG_WARN_NON_LITERAL_NULL_CONVERSION = YES;
				CLANG_WARN_OBJC_IMPLICIT_RETAIN_SELF = YES;
				CLANG_WARN_OBJC_LITERAL_CONVERSION = YES;
				CLANG_WARN_OBJC_ROOT_CLASS = YES_ERROR;
				CLANG_WARN_QUOTED_INCLUDE_IN_FRAMEWORK_HEADER = YES;
				CLANG_WARN_RANGE_LOOP_ANALYSIS = YES;
				CLANG_WARN_STRICT_PROTOTYPES = YES;
				CLANG_WARN_SUSPICIOUS_MOVE = YES;
				CLANG_WARN_UNGUARDED_AVAILABILITY = YES_AGGRESSIVE;
				CLANG_WARN_UNREACHABLE_CODE = YES;
				CLANG_WARN__DUPLICATE_METHOD_MATCH = YES;
				COPY_PHASE_STRIP = NO;
				DEBUG_INFORMATION_FORMAT = dwarf;
				ENABLE_STRICT_OBJC_MSGSEND = YES;
				ENABLE_TESTABILITY = YES;
				GCC_C_LANGUAGE_STANDARD = gnu11;
				GCC_DYNAMIC_NO_PIC = NO;
				GCC_NO_COMMON_BLOCKS = YES;
				GCC_OPTIMIZATION_LEVEL = 0;
				GCC_PREPROCESSOR_DEFINITIONS = (
					"DEBUG=1",
					"$(inherited)",
				);
				GCC_WARN_64_TO_32_BIT_CONVERSION = YES;
				GCC_WARN_ABOUT_RETURN_TYPE = YES_ERROR;
				GCC_WARN_UNDECLARED_SELECTOR = YES;
				GCC_WARN_UNINITIALIZED_AUTOS = YES_AGGRESSIVE;
				GCC_WARN_UNUSED_FUNCTION = YES;
				GCC_WARN_UNUSED_VARIABLE = YES;
				IPHONEOS_DEPLOYMENT_TARGET = 15.0;
				MTL_ENABLE_DEBUG_INFO = INCLUDE_SOURCE;
				MTL_FAST_MATH = YES;
				ONLY_ACTIVE_ARCH = YES;
				SDKROOT = iphoneos;
				SWIFT_ACTIVE_COMPILATION_CONDITIONS = DEBUG;
				SWIFT_OPTIMIZATION_LEVEL = "-Onone";
			};
			name = Debug;
		};
		3F8E45AA2742360900B51057 /* Release */ = {
			isa = XCBuildConfiguration;
			buildSettings = {
				ALWAYS_SEARCH_USER_PATHS = NO;
				CLANG_ANALYZER_NONNULL = YES;
				CLANG_ANALYZER_NUMBER_OBJECT_CONVERSION = YES_AGGRESSIVE;
				CLANG_CXX_LANGUAGE_STANDARD = "gnu++17";
				CLANG_CXX_LIBRARY = "libc++";
				CLANG_ENABLE_MODULES = YES;
				CLANG_ENABLE_OBJC_ARC = YES;
				CLANG_ENABLE_OBJC_WEAK = YES;
				CLANG_WARN_BLOCK_CAPTURE_AUTORELEASING = YES;
				CLANG_WARN_BOOL_CONVERSION = YES;
				CLANG_WARN_COMMA = YES;
				CLANG_WARN_CONSTANT_CONVERSION = YES;
				CLANG_WARN_DEPRECATED_OBJC_IMPLEMENTATIONS = YES;
				CLANG_WARN_DIRECT_OBJC_ISA_USAGE = YES_ERROR;
				CLANG_WARN_DOCUMENTATION_COMMENTS = YES;
				CLANG_WARN_EMPTY_BODY = YES;
				CLANG_WARN_ENUM_CONVERSION = YES;
				CLANG_WARN_INFINITE_RECURSION = YES;
				CLANG_WARN_INT_CONVERSION = YES;
				CLANG_WARN_NON_LITERAL_NULL_CONVERSION = YES;
				CLANG_WARN_OBJC_IMPLICIT_RETAIN_SELF = YES;
				CLANG_WARN_OBJC_LITERAL_CONVERSION = YES;
				CLANG_WARN_OBJC_ROOT_CLASS = YES_ERROR;
				CLANG_WARN_QUOTED_INCLUDE_IN_FRAMEWORK_HEADER = YES;
				CLANG_WARN_RANGE_LOOP_ANALYSIS = YES;
				CLANG_WARN_STRICT_PROTOTYPES = YES;
				CLANG_WARN_SUSPICIOUS_MOVE = YES;
				CLANG_WARN_UNGUARDED_AVAILABILITY = YES_AGGRESSIVE;
				CLANG_WARN_UNREACHABLE_CODE = YES;
				CLANG_WARN__DUPLICATE_METHOD_MATCH = YES;
				COPY_PHASE_STRIP = NO;
				DEBUG_INFORMATION_FORMAT = "dwarf-with-dsym";
				ENABLE_NS_ASSERTIONS = NO;
				ENABLE_STRICT_OBJC_MSGSEND = YES;
				GCC_C_LANGUAGE_STANDARD = gnu11;
				GCC_NO_COMMON_BLOCKS = YES;
				GCC_WARN_64_TO_32_BIT_CONVERSION = YES;
				GCC_WARN_ABOUT_RETURN_TYPE = YES_ERROR;
				GCC_WARN_UNDECLARED_SELECTOR = YES;
				GCC_WARN_UNINITIALIZED_AUTOS = YES_AGGRESSIVE;
				GCC_WARN_UNUSED_FUNCTION = YES;
				GCC_WARN_UNUSED_VARIABLE = YES;
				IPHONEOS_DEPLOYMENT_TARGET = 15.0;
				MTL_ENABLE_DEBUG_INFO = NO;
				MTL_FAST_MATH = YES;
				SDKROOT = iphoneos;
				SWIFT_COMPILATION_MODE = wholemodule;
				SWIFT_OPTIMIZATION_LEVEL = "-O";
				VALIDATE_PRODUCT = YES;
			};
			name = Release;
		};
		3F8E45AC2742360900B51057 /* Debug */ = {
			isa = XCBuildConfiguration;
			buildSettings = {
				ASSETCATALOG_COMPILER_APPICON_NAME = AppIcon;
				ASSETCATALOG_COMPILER_GLOBAL_ACCENT_COLOR_NAME = AccentColor;
				CODE_SIGN_STYLE = Automatic;
				CURRENT_PROJECT_VERSION = 1;
				GENERATE_INFOPLIST_FILE = YES;
				INFOPLIST_FILE = Mashinki/Info.plist;
				INFOPLIST_KEY_UIApplicationSupportsIndirectInputEvents = YES;
				INFOPLIST_KEY_UILaunchStoryboardName = LaunchScreen;
				INFOPLIST_KEY_UIMainStoryboardFile = Main;
				INFOPLIST_KEY_UISupportedInterfaceOrientations_iPad = "UIInterfaceOrientationPortrait UIInterfaceOrientationPortraitUpsideDown UIInterfaceOrientationLandscapeLeft UIInterfaceOrientationLandscapeRight";
				INFOPLIST_KEY_UISupportedInterfaceOrientations_iPhone = "UIInterfaceOrientationPortrait UIInterfaceOrientationLandscapeLeft UIInterfaceOrientationLandscapeRight";
				LD_RUNPATH_SEARCH_PATHS = (
					"$(inherited)",
					"@executable_path/Frameworks",
				);
				MARKETING_VERSION = 1.0;
				PRODUCT_BUNDLE_IDENTIFIER = ArKal.Mashinki;
				PRODUCT_NAME = "$(TARGET_NAME)";
				SWIFT_EMIT_LOC_STRINGS = YES;
				SWIFT_VERSION = 5.0;
				TARGETED_DEVICE_FAMILY = "1,2";
			};
			name = Debug;
		};
		3F8E45AD2742360900B51057 /* Release */ = {
			isa = XCBuildConfiguration;
			buildSettings = {
				ASSETCATALOG_COMPILER_APPICON_NAME = AppIcon;
				ASSETCATALOG_COMPILER_GLOBAL_ACCENT_COLOR_NAME = AccentColor;
				CODE_SIGN_STYLE = Automatic;
				CURRENT_PROJECT_VERSION = 1;
				GENERATE_INFOPLIST_FILE = YES;
				INFOPLIST_FILE = Mashinki/Info.plist;
				INFOPLIST_KEY_UIApplicationSupportsIndirectInputEvents = YES;
				INFOPLIST_KEY_UILaunchStoryboardName = LaunchScreen;
				INFOPLIST_KEY_UIMainStoryboardFile = Main;
				INFOPLIST_KEY_UISupportedInterfaceOrientations_iPad = "UIInterfaceOrientationPortrait UIInterfaceOrientationPortraitUpsideDown UIInterfaceOrientationLandscapeLeft UIInterfaceOrientationLandscapeRight";
				INFOPLIST_KEY_UISupportedInterfaceOrientations_iPhone = "UIInterfaceOrientationPortrait UIInterfaceOrientationLandscapeLeft UIInterfaceOrientationLandscapeRight";
				LD_RUNPATH_SEARCH_PATHS = (
					"$(inherited)",
					"@executable_path/Frameworks",
				);
				MARKETING_VERSION = 1.0;
				PRODUCT_BUNDLE_IDENTIFIER = ArKal.Mashinki;
				PRODUCT_NAME = "$(TARGET_NAME)";
				SWIFT_EMIT_LOC_STRINGS = YES;
				SWIFT_VERSION = 5.0;
				TARGETED_DEVICE_FAMILY = "1,2";
			};
			name = Release;
		};
/* End XCBuildConfiguration section */

/* Begin XCConfigurationList section */
		3F8E45922742360700B51057 /* Build configuration list for PBXProject "Mashinki" */ = {
			isa = XCConfigurationList;
			buildConfigurations = (
				3F8E45A92742360900B51057 /* Debug */,
				3F8E45AA2742360900B51057 /* Release */,
			);
			defaultConfigurationIsVisible = 0;
			defaultConfigurationName = Release;
		};
		3F8E45AB2742360900B51057 /* Build configuration list for PBXNativeTarget "Mashinki" */ = {
			isa = XCConfigurationList;
			buildConfigurations = (
				3F8E45AC2742360900B51057 /* Debug */,
				3F8E45AD2742360900B51057 /* Release */,
			);
			defaultConfigurationIsVisible = 0;
			defaultConfigurationName = Release;
		};
/* End XCConfigurationList section */
	};
	rootObject = 3F8E458F2742360700B51057 /* Project object */;
}
